// !$*UTF8*$!
{
	archiveVersion = 1;
	classes = {
	};
	objectVersion = 46;
	objects = {

/* Begin PBXBuildFile section */
		8128E42B1D9B9A1C00B64ECC /* main.m in Sources */ = {isa = PBXBuildFile; fileRef = 8128E42A1D9B9A1C00B64ECC /* main.m */; };
		8128E42E1D9B9A1C00B64ECC /* AppDelegate.m in Sources */ = {isa = PBXBuildFile; fileRef = 8128E42D1D9B9A1C00B64ECC /* AppDelegate.m */; };
		8128E4311D9B9A1C00B64ECC /* ViewController.m in Sources */ = {isa = PBXBuildFile; fileRef = 8128E4301D9B9A1C00B64ECC /* ViewController.m */; };
		8128E4341D9B9A1C00B64ECC /* Main.storyboard in Resources */ = {isa = PBXBuildFile; fileRef = 8128E4321D9B9A1C00B64ECC /* Main.storyboard */; };
		8128E4361D9B9A1C00B64ECC /* Assets.xcassets in Resources */ = {isa = PBXBuildFile; fileRef = 8128E4351D9B9A1C00B64ECC /* Assets.xcassets */; };
		8128E4391D9B9A1C00B64ECC /* LaunchScreen.storyboard in Resources */ = {isa = PBXBuildFile; fileRef = 8128E4371D9B9A1C00B64ECC /* LaunchScreen.storyboard */; };
		8128E4441D9B9A1C00B64ECC /* ____Tests.m in Sources */ = {isa = PBXBuildFile; fileRef = 8128E4431D9B9A1C00B64ECC /* ____Tests.m */; };
		8128E44F1D9B9A1C00B64ECC /* ____UITests.m in Sources */ = {isa = PBXBuildFile; fileRef = 8128E44E1D9B9A1C00B64ECC /* ____UITests.m */; };
		8128E45F1D9B9A5000B64ECC /* TencentOpenAPI.framework in Frameworks */ = {isa = PBXBuildFile; fileRef = 8128E45D1D9B9A5000B64ECC /* TencentOpenAPI.framework */; };
		8128E4601D9B9A5000B64ECC /* TencentOpenApi_IOS_Bundle.bundle in Resources */ = {isa = PBXBuildFile; fileRef = 8128E45E1D9B9A5000B64ECC /* TencentOpenApi_IOS_Bundle.bundle */; };
		8128E4631D9B9B2200B64ECC /* libz.tbd in Frameworks */ = {isa = PBXBuildFile; fileRef = 8128E4621D9B9B2200B64ECC /* libz.tbd */; };
		8128E4651D9B9B2A00B64ECC /* libstdc++.tbd in Frameworks */ = {isa = PBXBuildFile; fileRef = 8128E4641D9B9B2A00B64ECC /* libstdc++.tbd */; };
		8128E4671D9B9B3500B64ECC /* CoreTelephony.framework in Frameworks */ = {isa = PBXBuildFile; fileRef = 8128E4661D9B9B3500B64ECC /* CoreTelephony.framework */; };
		8128E4691D9B9B3E00B64ECC /* libsqlite3.tbd in Frameworks */ = {isa = PBXBuildFile; fileRef = 8128E4681D9B9B3E00B64ECC /* libsqlite3.tbd */; };
		8128E46B1D9B9B4500B64ECC /* CoreGraphics.framework in Frameworks */ = {isa = PBXBuildFile; fileRef = 8128E46A1D9B9B4500B64ECC /* CoreGraphics.framework */; };
		8128E46D1D9B9B4C00B64ECC /* SystemConfiguration.framework in Frameworks */ = {isa = PBXBuildFile; fileRef = 8128E46C1D9B9B4C00B64ECC /* SystemConfiguration.framework */; };
		8128E46F1D9B9B5A00B64ECC /* libiconv.tbd in Frameworks */ = {isa = PBXBuildFile; fileRef = 8128E46E1D9B9B5A00B64ECC /* libiconv.tbd */; };
		8128E4711D9B9B6200B64ECC /* Security.framework in Frameworks */ = {isa = PBXBuildFile; fileRef = 8128E4701D9B9B6200B64ECC /* Security.framework */; };
/* End PBXBuildFile section */

/* Begin PBXContainerItemProxy section */
		8128E4401D9B9A1C00B64ECC /* PBXContainerItemProxy */ = {
			isa = PBXContainerItemProxy;
			containerPortal = 8128E41E1D9B9A1B00B64ECC /* Project object */;
			proxyType = 1;
			remoteGlobalIDString = 8128E4251D9B9A1C00B64ECC;
			remoteInfo = "分享测试";
		};
		8128E44B1D9B9A1C00B64ECC /* PBXContainerItemProxy */ = {
			isa = PBXContainerItemProxy;
			containerPortal = 8128E41E1D9B9A1B00B64ECC /* Project object */;
			proxyType = 1;
			remoteGlobalIDString = 8128E4251D9B9A1C00B64ECC;
			remoteInfo = "分享测试";
		};
/* End PBXContainerItemProxy section */

/* Begin PBXFileReference section */
		8128E4261D9B9A1C00B64ECC /* 分享测试.app */ = {isa = PBXFileReference; explicitFileType = wrapper.application; includeInIndex = 0; path = "分享测试.app"; sourceTree = BUILT_PRODUCTS_DIR; };
		8128E42A1D9B9A1C00B64ECC /* main.m */ = {isa = PBXFileReference; lastKnownFileType = sourcecode.c.objc; path = main.m; sourceTree = "<group>"; };
		8128E42C1D9B9A1C00B64ECC /* AppDelegate.h */ = {isa = PBXFileReference; lastKnownFileType = sourcecode.c.h; path = AppDelegate.h; sourceTree = "<group>"; };
		8128E42D1D9B9A1C00B64ECC /* AppDelegate.m */ = {isa = PBXFileReference; lastKnownFileType = sourcecode.c.objc; path = AppDelegate.m; sourceTree = "<group>"; };
		8128E42F1D9B9A1C00B64ECC /* ViewController.h */ = {isa = PBXFileReference; lastKnownFileType = sourcecode.c.h; path = ViewController.h; sourceTree = "<group>"; };
		8128E4301D9B9A1C00B64ECC /* ViewController.m */ = {isa = PBXFileReference; lastKnownFileType = sourcecode.c.objc; path = ViewController.m; sourceTree = "<group>"; };
		8128E4331D9B9A1C00B64ECC /* Base */ = {isa = PBXFileReference; lastKnownFileType = file.storyboard; name = Base; path = Base.lproj/Main.storyboard; sourceTree = "<group>"; };
		8128E4351D9B9A1C00B64ECC /* Assets.xcassets */ = {isa = PBXFileReference; lastKnownFileType = folder.assetcatalog; path = Assets.xcassets; sourceTree = "<group>"; };
		8128E4381D9B9A1C00B64ECC /* Base */ = {isa = PBXFileReference; lastKnownFileType = file.storyboard; name = Base; path = Base.lproj/LaunchScreen.storyboard; sourceTree = "<group>"; };
		8128E43A1D9B9A1C00B64ECC /* Info.plist */ = {isa = PBXFileReference; lastKnownFileType = text.plist.xml; path = Info.plist; sourceTree = "<group>"; };
		8128E43F1D9B9A1C00B64ECC /* 分享测试Tests.xctest */ = {isa = PBXFileReference; explicitFileType = wrapper.cfbundle; includeInIndex = 0; path = "分享测试Tests.xctest"; sourceTree = BUILT_PRODUCTS_DIR; };
		8128E4431D9B9A1C00B64ECC /* ____Tests.m */ = {isa = PBXFileReference; lastKnownFileType = sourcecode.c.objc; path = "____Tests.m"; sourceTree = "<group>"; };
		8128E4451D9B9A1C00B64ECC /* Info.plist */ = {isa = PBXFileReference; lastKnownFileType = text.plist.xml; path = Info.plist; sourceTree = "<group>"; };
		8128E44A1D9B9A1C00B64ECC /* 分享测试UITests.xctest */ = {isa = PBXFileReference; explicitFileType = wrapper.cfbundle; includeInIndex = 0; path = "分享测试UITests.xctest"; sourceTree = BUILT_PRODUCTS_DIR; };
		8128E44E1D9B9A1C00B64ECC /* ____UITests.m */ = {isa = PBXFileReference; lastKnownFileType = sourcecode.c.objc; path = "____UITests.m"; sourceTree = "<group>"; };
		8128E4501D9B9A1C00B64ECC /* Info.plist */ = {isa = PBXFileReference; lastKnownFileType = text.plist.xml; path = Info.plist; sourceTree = "<group>"; };
		8128E45D1D9B9A5000B64ECC /* TencentOpenAPI.framework */ = {isa = PBXFileReference; lastKnownFileType = wrapper.framework; path = TencentOpenAPI.framework; sourceTree = "<group>"; };
		8128E45E1D9B9A5000B64ECC /* TencentOpenApi_IOS_Bundle.bundle */ = {isa = PBXFileReference; lastKnownFileType = "wrapper.plug-in"; path = TencentOpenApi_IOS_Bundle.bundle; sourceTree = "<group>"; };
		8128E4621D9B9B2200B64ECC /* libz.tbd */ = {isa = PBXFileReference; lastKnownFileType = "sourcecode.text-based-dylib-definition"; name = libz.tbd; path = usr/lib/libz.tbd; sourceTree = SDKROOT; };
		8128E4641D9B9B2A00B64ECC /* libstdc++.tbd */ = {isa = PBXFileReference; lastKnownFileType = "sourcecode.text-based-dylib-definition"; name = "libstdc++.tbd"; path = "usr/lib/libstdc++.tbd"; sourceTree = SDKROOT; };
		8128E4661D9B9B3500B64ECC /* CoreTelephony.framework */ = {isa = PBXFileReference; lastKnownFileType = wrapper.framework; name = CoreTelephony.framework; path = System/Library/Frameworks/CoreTelephony.framework; sourceTree = SDKROOT; };
		8128E4681D9B9B3E00B64ECC /* libsqlite3.tbd */ = {isa = PBXFileReference; lastKnownFileType = "sourcecode.text-based-dylib-definition"; name = libsqlite3.tbd; path = usr/lib/libsqlite3.tbd; sourceTree = SDKROOT; };
		8128E46A1D9B9B4500B64ECC /* CoreGraphics.framework */ = {isa = PBXFileReference; lastKnownFileType = wrapper.framework; name = CoreGraphics.framework; path = System/Library/Frameworks/CoreGraphics.framework; sourceTree = SDKROOT; };
		8128E46C1D9B9B4C00B64ECC /* SystemConfiguration.framework */ = {isa = PBXFileReference; lastKnownFileType = wrapper.framework; name = SystemConfiguration.framework; path = System/Library/Frameworks/SystemConfiguration.framework; sourceTree = SDKROOT; };
		8128E46E1D9B9B5A00B64ECC /* libiconv.tbd */ = {isa = PBXFileReference; lastKnownFileType = "sourcecode.text-based-dylib-definition"; name = libiconv.tbd; path = usr/lib/libiconv.tbd; sourceTree = SDKROOT; };
		8128E4701D9B9B6200B64ECC /* Security.framework */ = {isa = PBXFileReference; lastKnownFileType = wrapper.framework; name = Security.framework; path = System/Library/Frameworks/Security.framework; sourceTree = SDKROOT; };
/* End PBXFileReference section */

/* Begin PBXFrameworksBuildPhase section */
		8128E4231D9B9A1C00B64ECC /* Frameworks */ = {
			isa = PBXFrameworksBuildPhase;
			buildActionMask = 2147483647;
			files = (
				8128E4711D9B9B6200B64ECC /* Security.framework in Frameworks */,
				8128E46F1D9B9B5A00B64ECC /* libiconv.tbd in Frameworks */,
				8128E46D1D9B9B4C00B64ECC /* SystemConfiguration.framework in Frameworks */,
				8128E46B1D9B9B4500B64ECC /* CoreGraphics.framework in Frameworks */,
				8128E4691D9B9B3E00B64ECC /* libsqlite3.tbd in Frameworks */,
				8128E4671D9B9B3500B64ECC /* CoreTelephony.framework in Frameworks */,
				8128E4651D9B9B2A00B64ECC /* libstdc++.tbd in Frameworks */,
				8128E4631D9B9B2200B64ECC /* libz.tbd in Frameworks */,
				8128E45F1D9B9A5000B64ECC /* TencentOpenAPI.framework in Frameworks */,
			);
			runOnlyForDeploymentPostprocessing = 0;
		};
		8128E43C1D9B9A1C00B64ECC /* Frameworks */ = {
			isa = PBXFrameworksBuildPhase;
			buildActionMask = 2147483647;
			files = (
			);
			runOnlyForDeploymentPostprocessing = 0;
		};
		8128E4471D9B9A1C00B64ECC /* Frameworks */ = {
			isa = PBXFrameworksBuildPhase;
			buildActionMask = 2147483647;
			files = (
			);
			runOnlyForDeploymentPostprocessing = 0;
		};
/* End PBXFrameworksBuildPhase section */

/* Begin PBXGroup section */
		8128E41D1D9B9A1B00B64ECC = {
			isa = PBXGroup;
			children = (
				8128E4281D9B9A1C00B64ECC /* 分享测试 */,
				8128E4421D9B9A1C00B64ECC /* 分享测试Tests */,
				8128E44D1D9B9A1C00B64ECC /* 分享测试UITests */,
				8128E4271D9B9A1C00B64ECC /* Products */,
				8128E4611D9B9B2200B64ECC /* Frameworks */,
			);
			sourceTree = "<group>";
		};
		8128E4271D9B9A1C00B64ECC /* Products */ = {
			isa = PBXGroup;
			children = (
				8128E4261D9B9A1C00B64ECC /* 分享测试.app */,
				8128E43F1D9B9A1C00B64ECC /* 分享测试Tests.xctest */,
				8128E44A1D9B9A1C00B64ECC /* 分享测试UITests.xctest */,
			);
			name = Products;
			sourceTree = "<group>";
		};
		8128E4281D9B9A1C00B64ECC /* 分享测试 */ = {
			isa = PBXGroup;
			children = (
				8128E45C1D9B9A5000B64ECC /* QQ分享SDK */,
				8128E42C1D9B9A1C00B64ECC /* AppDelegate.h */,
				8128E42D1D9B9A1C00B64ECC /* AppDelegate.m */,
				8128E42F1D9B9A1C00B64ECC /* ViewController.h */,
				8128E4301D9B9A1C00B64ECC /* ViewController.m */,
				8128E4321D9B9A1C00B64ECC /* Main.storyboard */,
				8128E4351D9B9A1C00B64ECC /* Assets.xcassets */,
				8128E4371D9B9A1C00B64ECC /* LaunchScreen.storyboard */,
				8128E43A1D9B9A1C00B64ECC /* Info.plist */,
				8128E4291D9B9A1C00B64ECC /* Supporting Files */,
			);
			path = "分享测试";
			sourceTree = "<group>";
		};
		8128E4291D9B9A1C00B64ECC /* Supporting Files */ = {
			isa = PBXGroup;
			children = (
				8128E42A1D9B9A1C00B64ECC /* main.m */,
			);
			name = "Supporting Files";
			sourceTree = "<group>";
		};
		8128E4421D9B9A1C00B64ECC /* 分享测试Tests */ = {
			isa = PBXGroup;
			children = (
				8128E4431D9B9A1C00B64ECC /* ____Tests.m */,
				8128E4451D9B9A1C00B64ECC /* Info.plist */,
			);
			path = "分享测试Tests";
			sourceTree = "<group>";
		};
		8128E44D1D9B9A1C00B64ECC /* 分享测试UITests */ = {
			isa = PBXGroup;
			children = (
				8128E44E1D9B9A1C00B64ECC /* ____UITests.m */,
				8128E4501D9B9A1C00B64ECC /* Info.plist */,
			);
			path = "分享测试UITests";
			sourceTree = "<group>";
		};
		8128E45C1D9B9A5000B64ECC /* QQ分享SDK */ = {
			isa = PBXGroup;
			children = (
				8128E45D1D9B9A5000B64ECC /* TencentOpenAPI.framework */,
				8128E45E1D9B9A5000B64ECC /* TencentOpenApi_IOS_Bundle.bundle */,
			);
			path = "QQ分享SDK";
			sourceTree = "<group>";
		};
		8128E4611D9B9B2200B64ECC /* Frameworks */ = {
			isa = PBXGroup;
			children = (
				8128E4701D9B9B6200B64ECC /* Security.framework */,
				8128E46E1D9B9B5A00B64ECC /* libiconv.tbd */,
				8128E46C1D9B9B4C00B64ECC /* SystemConfiguration.framework */,
				8128E46A1D9B9B4500B64ECC /* CoreGraphics.framework */,
				8128E4681D9B9B3E00B64ECC /* libsqlite3.tbd */,
				8128E4661D9B9B3500B64ECC /* CoreTelephony.framework */,
				8128E4641D9B9B2A00B64ECC /* libstdc++.tbd */,
				8128E4621D9B9B2200B64ECC /* libz.tbd */,
			);
			name = Frameworks;
			sourceTree = "<group>";
		};
/* End PBXGroup section */

/* Begin PBXNativeTarget section */
		8128E4251D9B9A1C00B64ECC /* 分享测试 */ = {
			isa = PBXNativeTarget;
			buildConfigurationList = 8128E4531D9B9A1C00B64ECC /* Build configuration list for PBXNativeTarget "分享测试" */;
			buildPhases = (
				8128E4221D9B9A1C00B64ECC /* Sources */,
				8128E4231D9B9A1C00B64ECC /* Frameworks */,
				8128E4241D9B9A1C00B64ECC /* Resources */,
			);
			buildRules = (
			);
			dependencies = (
			);
			name = "分享测试";
			productName = "分享测试";
			productReference = 8128E4261D9B9A1C00B64ECC /* 分享测试.app */;
			productType = "com.apple.product-type.application";
		};
		8128E43E1D9B9A1C00B64ECC /* 分享测试Tests */ = {
			isa = PBXNativeTarget;
			buildConfigurationList = 8128E4561D9B9A1C00B64ECC /* Build configuration list for PBXNativeTarget "分享测试Tests" */;
			buildPhases = (
				8128E43B1D9B9A1C00B64ECC /* Sources */,
				8128E43C1D9B9A1C00B64ECC /* Frameworks */,
				8128E43D1D9B9A1C00B64ECC /* Resources */,
			);
			buildRules = (
			);
			dependencies = (
				8128E4411D9B9A1C00B64ECC /* PBXTargetDependency */,
			);
			name = "分享测试Tests";
			productName = "分享测试Tests";
			productReference = 8128E43F1D9B9A1C00B64ECC /* 分享测试Tests.xctest */;
			productType = "com.apple.product-type.bundle.unit-test";
		};
		8128E4491D9B9A1C00B64ECC /* 分享测试UITests */ = {
			isa = PBXNativeTarget;
			buildConfigurationList = 8128E4591D9B9A1C00B64ECC /* Build configuration list for PBXNativeTarget "分享测试UITests" */;
			buildPhases = (
				8128E4461D9B9A1C00B64ECC /* Sources */,
				8128E4471D9B9A1C00B64ECC /* Frameworks */,
				8128E4481D9B9A1C00B64ECC /* Resources */,
			);
			buildRules = (
			);
			dependencies = (
				8128E44C1D9B9A1C00B64ECC /* PBXTargetDependency */,
			);
			name = "分享测试UITests";
			productName = "分享测试UITests";
			productReference = 8128E44A1D9B9A1C00B64ECC /* 分享测试UITests.xctest */;
			productType = "com.apple.product-type.bundle.ui-testing";
		};
/* End PBXNativeTarget section */

/* Begin PBXProject section */
		8128E41E1D9B9A1B00B64ECC /* Project object */ = {
			isa = PBXProject;
			attributes = {
				LastUpgradeCheck = 0800;
				ORGANIZATIONNAME = company;
				TargetAttributes = {
					8128E4251D9B9A1C00B64ECC = {
						CreatedOnToolsVersion = 8.0;
						DevelopmentTeam = 72XWNA9465;
						ProvisioningStyle = Automatic;
					};
					8128E43E1D9B9A1C00B64ECC = {
						CreatedOnToolsVersion = 8.0;
						ProvisioningStyle = Automatic;
						TestTargetID = 8128E4251D9B9A1C00B64ECC;
					};
					8128E4491D9B9A1C00B64ECC = {
						CreatedOnToolsVersion = 8.0;
						ProvisioningStyle = Automatic;
						TestTargetID = 8128E4251D9B9A1C00B64ECC;
					};
				};
			};
			buildConfigurationList = 8128E4211D9B9A1B00B64ECC /* Build configuration list for PBXProject "分享测试" */;
			compatibilityVersion = "Xcode 3.2";
			developmentRegion = English;
			hasScannedForEncodings = 0;
			knownRegions = (
				en,
				Base,
			);
			mainGroup = 8128E41D1D9B9A1B00B64ECC;
			productRefGroup = 8128E4271D9B9A1C00B64ECC /* Products */;
			projectDirPath = "";
			projectRoot = "";
			targets = (
				8128E4251D9B9A1C00B64ECC /* 分享测试 */,
				8128E43E1D9B9A1C00B64ECC /* 分享测试Tests */,
				8128E4491D9B9A1C00B64ECC /* 分享测试UITests */,
			);
		};
/* End PBXProject section */

/* Begin PBXResourcesBuildPhase section */
		8128E4241D9B9A1C00B64ECC /* Resources */ = {
			isa = PBXResourcesBuildPhase;
			buildActionMask = 2147483647;
			files = (
				8128E4601D9B9A5000B64ECC /* TencentOpenApi_IOS_Bundle.bundle in Resources */,
				8128E4391D9B9A1C00B64ECC /* LaunchScreen.storyboard in Resources */,
				8128E4361D9B9A1C00B64ECC /* Assets.xcassets in Resources */,
				8128E4341D9B9A1C00B64ECC /* Main.storyboard in Resources */,
			);
			runOnlyForDeploymentPostprocessing = 0;
		};
		8128E43D1D9B9A1C00B64ECC /* Resources */ = {
			isa = PBXResourcesBuildPhase;
			buildActionMask = 2147483647;
			files = (
			);
			runOnlyForDeploymentPostprocessing = 0;
		};
		8128E4481D9B9A1C00B64ECC /* Resources */ = {
			isa = PBXResourcesBuildPhase;
			buildActionMask = 2147483647;
			files = (
			);
			runOnlyForDeploymentPostprocessing = 0;
		};
/* End PBXResourcesBuildPhase section */

/* Begin PBXSourcesBuildPhase section */
		8128E4221D9B9A1C00B64ECC /* Sources */ = {
			isa = PBXSourcesBuildPhase;
			buildActionMask = 2147483647;
			files = (
				8128E4311D9B9A1C00B64ECC /* ViewController.m in Sources */,
				8128E42E1D9B9A1C00B64ECC /* AppDelegate.m in Sources */,
				8128E42B1D9B9A1C00B64ECC /* main.m in Sources */,
			);
			runOnlyForDeploymentPostprocessing = 0;
		};
		8128E43B1D9B9A1C00B64ECC /* Sources */ = {
			isa = PBXSourcesBuildPhase;
			buildActionMask = 2147483647;
			files = (
				8128E4441D9B9A1C00B64ECC /* ____Tests.m in Sources */,
			);
			runOnlyForDeploymentPostprocessing = 0;
		};
		8128E4461D9B9A1C00B64ECC /* Sources */ = {
			isa = PBXSourcesBuildPhase;
			buildActionMask = 2147483647;
			files = (
				8128E44F1D9B9A1C00B64ECC /* ____UITests.m in Sources */,
			);
			runOnlyForDeploymentPostprocessing = 0;
		};
/* End PBXSourcesBuildPhase section */

/* Begin PBXTargetDependency section */
		8128E4411D9B9A1C00B64ECC /* PBXTargetDependency */ = {
			isa = PBXTargetDependency;
			target = 8128E4251D9B9A1C00B64ECC /* 分享测试 */;
			targetProxy = 8128E4401D9B9A1C00B64ECC /* PBXContainerItemProxy */;
		};
		8128E44C1D9B9A1C00B64ECC /* PBXTargetDependency */ = {
			isa = PBXTargetDependency;
			target = 8128E4251D9B9A1C00B64ECC /* 分享测试 */;
			targetProxy = 8128E44B1D9B9A1C00B64ECC /* PBXContainerItemProxy */;
		};
/* End PBXTargetDependency section */

/* Begin PBXVariantGroup section */
		8128E4321D9B9A1C00B64ECC /* Main.storyboard */ = {
			isa = PBXVariantGroup;
			children = (
				8128E4331D9B9A1C00B64ECC /* Base */,
			);
			name = Main.storyboard;
			sourceTree = "<group>";
		};
		8128E4371D9B9A1C00B64ECC /* LaunchScreen.storyboard */ = {
			isa = PBXVariantGroup;
			children = (
				8128E4381D9B9A1C00B64ECC /* Base */,
			);
			name = LaunchScreen.storyboard;
			sourceTree = "<group>";
		};
/* End PBXVariantGroup section */

/* Begin XCBuildConfiguration section */
		8128E4511D9B9A1C00B64ECC /* Debug */ = {
			isa = XCBuildConfiguration;
			buildSettings = {
				ALWAYS_SEARCH_USER_PATHS = NO;
				CLANG_ANALYZER_NONNULL = YES;
				CLANG_CXX_LANGUAGE_STANDARD = "gnu++0x";
				CLANG_CXX_LIBRARY = "libc++";
				CLANG_ENABLE_MODULES = YES;
				CLANG_ENABLE_OBJC_ARC = YES;
				CLANG_WARN_BOOL_CONVERSION = YES;
				CLANG_WARN_CONSTANT_CONVERSION = YES;
				CLANG_WARN_DIRECT_OBJC_ISA_USAGE = YES_ERROR;
				CLANG_WARN_DOCUMENTATION_COMMENTS = YES;
				CLANG_WARN_EMPTY_BODY = YES;
				CLANG_WARN_ENUM_CONVERSION = YES;
				CLANG_WARN_INFINITE_RECURSION = YES;
				CLANG_WARN_INT_CONVERSION = YES;
				CLANG_WARN_OBJC_ROOT_CLASS = YES_ERROR;
				CLANG_WARN_SUSPICIOUS_MOVES = YES;
				CLANG_WARN_UNREACHABLE_CODE = YES;
				CLANG_WARN__DUPLICATE_METHOD_MATCH = YES;
				"CODE_SIGN_IDENTITY[sdk=iphoneos*]" = "iPhone Developer";
				COPY_PHASE_STRIP = NO;
				DEBUG_INFORMATION_FORMAT = dwarf;
				ENABLE_STRICT_OBJC_MSGSEND = YES;
				ENABLE_TESTABILITY = YES;
				GCC_C_LANGUAGE_STANDARD = gnu99;
				GCC_DYNAMIC_NO_PIC = NO;
				GCC_NO_COMMON_BLOCKS = YES;
				GCC_OPTIMIZATION_LEVEL = 0;
				GCC_PREPROCESSOR_DEFINITIONS = (
					"DEBUG=1",
					"$(inherited)",
				);
				GCC_WARN_64_TO_32_BIT_CONVERSION = YES;
				GCC_WARN_ABOUT_RETURN_TYPE = YES_ERROR;
				GCC_WARN_UNDECLARED_SELECTOR = YES;
				GCC_WARN_UNINITIALIZED_AUTOS = YES_AGGRESSIVE;
				GCC_WARN_UNUSED_FUNCTION = YES;
				GCC_WARN_UNUSED_VARIABLE = YES;
				IPHONEOS_DEPLOYMENT_TARGET = 10.0;
				MTL_ENABLE_DEBUG_INFO = YES;
				ONLY_ACTIVE_ARCH = YES;
				SDKROOT = iphoneos;
				TARGETED_DEVICE_FAMILY = "1,2";
			};
			name = Debug;
		};
		8128E4521D9B9A1C00B64ECC /* Release */ = {
			isa = XCBuildConfiguration;
			buildSettings = {
				ALWAYS_SEARCH_USER_PATHS = NO;
				CLANG_ANALYZER_NONNULL = YES;
				CLANG_CXX_LANGUAGE_STANDARD = "gnu++0x";
				CLANG_CXX_LIBRARY = "libc++";
				CLANG_ENABLE_MODULES = YES;
				CLANG_ENABLE_OBJC_ARC = YES;
				CLANG_WARN_BOOL_CONVERSION = YES;
				CLANG_WARN_CONSTANT_CONVERSION = YES;
				CLANG_WARN_DIRECT_OBJC_ISA_USAGE = YES_ERROR;
				CLANG_WARN_DOCUMENTATION_COMMENTS = YES;
				CLANG_WARN_EMPTY_BODY = YES;
				CLANG_WARN_ENUM_CONVERSION = YES;
				CLANG_WARN_INFINITE_RECURSION = YES;
				CLANG_WARN_INT_CONVERSION = YES;
				CLANG_WARN_OBJC_ROOT_CLASS = YES_ERROR;
				CLANG_WARN_SUSPICIOUS_MOVES = YES;
				CLANG_WARN_UNREACHABLE_CODE = YES;
				CLANG_WARN__DUPLICATE_METHOD_MATCH = YES;
				"CODE_SIGN_IDENTITY[sdk=iphoneos*]" = "iPhone Developer";
				COPY_PHASE_STRIP = NO;
				DEBUG_INFORMATION_FORMAT = "dwarf-with-dsym";
				ENABLE_NS_ASSERTIONS = NO;
				ENABLE_STRICT_OBJC_MSGSEND = YES;
				GCC_C_LANGUAGE_STANDARD = gnu99;
				GCC_NO_COMMON_BLOCKS = YES;
				GCC_WARN_64_TO_32_BIT_CONVERSION = YES;
				GCC_WARN_ABOUT_RETURN_TYPE = YES_ERROR;
				GCC_WARN_UNDECLARED_SELECTOR = YES;
				GCC_WARN_UNINITIALIZED_AUTOS = YES_AGGRESSIVE;
				GCC_WARN_UNUSED_FUNCTION = YES;
				GCC_WARN_UNUSED_VARIABLE = YES;
				IPHONEOS_DEPLOYMENT_TARGET = 10.0;
				MTL_ENABLE_DEBUG_INFO = NO;
				SDKROOT = iphoneos;
				TARGETED_DEVICE_FAMILY = "1,2";
				VALIDATE_PRODUCT = YES;
			};
			name = Release;
		};
		8128E4541D9B9A1C00B64ECC /* Debug */ = {
			isa = XCBuildConfiguration;
			buildSettings = {
				ASSETCATALOG_COMPILER_APPICON_NAME = AppIcon;
				DEVELOPMENT_TEAM = 72XWNA9465;
				FRAMEWORK_SEARCH_PATHS = (
					"$(inherited)",
					"$(PROJECT_DIR)/分享测试/QQ分享SDK",
				);
				INFOPLIST_FILE = "分享测试/Info.plist";
				LD_RUNPATH_SEARCH_PATHS = "$(inherited) @executable_path/Frameworks";
				OTHER_LDFLAGS = "-fobjc-arc";
				PRODUCT_BUNDLE_IDENTIFIER = "com.company.----";
				PRODUCT_NAME = "$(TARGET_NAME)";
			};
			name = Debug;
		};
		8128E4551D9B9A1C00B64ECC /* Release */ = {
			isa = XCBuildConfiguration;
			buildSettings = {
				ASSETCATALOG_COMPILER_APPICON_NAME = AppIcon;
				DEVELOPMENT_TEAM = 72XWNA9465;
				FRAMEWORK_SEARCH_PATHS = (
					"$(inherited)",
					"$(PROJECT_DIR)/分享测试/QQ分享SDK",
				);
				INFOPLIST_FILE = "分享测试/Info.plist";
				LD_RUNPATH_SEARCH_PATHS = "$(inherited) @executable_path/Frameworks";
				OTHER_LDFLAGS = "-fobjc-arc";
				PRODUCT_BUNDLE_IDENTIFIER = "com.company.----";
				PRODUCT_NAME = "$(TARGET_NAME)";
			};
			name = Release;
		};
		8128E4571D9B9A1C00B64ECC /* Debug */ = {
			isa = XCBuildConfiguration;
			buildSettings = {
				BUNDLE_LOADER = "$(TEST_HOST)";
				INFOPLIST_FILE = "分享测试Tests/Info.plist";
				LD_RUNPATH_SEARCH_PATHS = "$(inherited) @executable_path/Frameworks @loader_path/Frameworks";
				PRODUCT_BUNDLE_IDENTIFIER = "com.company.----Tests";
				PRODUCT_NAME = "$(TARGET_NAME)";
				TEST_HOST = "$(BUILT_PRODUCTS_DIR)/分享测试.app/分享测试";
			};
			name = Debug;
		};
		8128E4581D9B9A1C00B64ECC /* Release */ = {
			isa = XCBuildConfiguration;
			buildSettings = {
				BUNDLE_LOADER = "$(TEST_HOST)";
				INFOPLIST_FILE = "分享测试Tests/Info.plist";
				LD_RUNPATH_SEARCH_PATHS = "$(inherited) @executable_path/Frameworks @loader_path/Frameworks";
				PRODUCT_BUNDLE_IDENTIFIER = "com.company.----Tests";
				PRODUCT_NAME = "$(TARGET_NAME)";
				TEST_HOST = "$(BUILT_PRODUCTS_DIR)/分享测试.app/分享测试";
			};
			name = Release;
		};
		8128E45A1D9B9A1C00B64ECC /* Debug */ = {
			isa = XCBuildConfiguration;
			buildSettings = {
				INFOPLIST_FILE = "分享测试UITests/Info.plist";
				LD_RUNPATH_SEARCH_PATHS = "$(inherited) @executable_path/Frameworks @loader_path/Frameworks";
				PRODUCT_BUNDLE_IDENTIFIER = "com.company.----UITests";
				PRODUCT_NAME = "$(TARGET_NAME)";
				TEST_TARGET_NAME = "分享测试";
			};
			name = Debug;
		};
		8128E45B1D9B9A1C00B64ECC /* Release */ = {
			isa = XCBuildConfiguration;
			buildSettings = {
				INFOPLIST_FILE = "分享测试UITests/Info.plist";
				LD_RUNPATH_SEARCH_PATHS = "$(inherited) @executable_path/Frameworks @loader_path/Frameworks";
				PRODUCT_BUNDLE_IDENTIFIER = "com.company.----UITests";
				PRODUCT_NAME = "$(TARGET_NAME)";
				TEST_TARGET_NAME = "分享测试";
			};
			name = Release;
		};
/* End XCBuildConfiguration section */

/* Begin XCConfigurationList section */
		8128E4211D9B9A1B00B64ECC /* Build configuration list for PBXProject "分享测试" */ = {
			isa = XCConfigurationList;
			buildConfigurations = (
				8128E4511D9B9A1C00B64ECC /* Debug */,
				8128E4521D9B9A1C00B64ECC /* Release */,
			);
			defaultConfigurationIsVisible = 0;
			defaultConfigurationName = Release;
		};
		8128E4531D9B9A1C00B64ECC /* Build configuration list for PBXNativeTarget "分享测试" */ = {
			isa = XCConfigurationList;
			buildConfigurations = (
				8128E4541D9B9A1C00B64ECC /* Debug */,
				8128E4551D9B9A1C00B64ECC /* Release */,
			);
			defaultConfigurationIsVisible = 0;
		};
		8128E4561D9B9A1C00B64ECC /* Build configuration list for PBXNativeTarget "分享测试Tests" */ = {
			isa = XCConfigurationList;
			buildConfigurations = (
				8128E4571D9B9A1C00B64ECC /* Debug */,
				8128E4581D9B9A1C00B64ECC /* Release */,
			);
			defaultConfigurationIsVisible = 0;
		};
		8128E4591D9B9A1C00B64ECC /* Build configuration list for PBXNativeTarget "分享测试UITests" */ = {
			isa = XCConfigurationList;
			buildConfigurations = (
				8128E45A1D9B9A1C00B64ECC /* Debug */,
				8128E45B1D9B9A1C00B64ECC /* Release */,
			);
			defaultConfigurationIsVisible = 0;
		};
/* End XCConfigurationList section */
	};
	rootObject = 8128E41E1D9B9A1B00B64ECC /* Project object */;
}
